
Microsoft Visual Studio Solution File, Format Version 12.00
# Visual Studio Version 17
VisualStudioVersion = 17.10.35027.167
MinimumVisualStudioVersion = 10.0.40219.1
Project("{FAE04EC0-301F-11D3-BF4B-00C04F79EFBC}") = "ConsoleApp1", "ConsoleApp1\ConsoleApp1.csproj", "{B751554B-9C6F-4FF0-8BB3-C22BED0337F4}"
EndProject
Global
	GlobalSection(SolutionConfigurationPlatforms) = preSolution
		Debug|Any CPU = Debug|Any CPU
		Release|Any CPU = Release|Any CPU
	EndGlobalSection
	GlobalSection(ProjectConfigurationPlatforms) = postSolution
		{B751554B-9C6F-4FF0-8BB3-C22BED0337F4}.Debug|Any CPU.ActiveCfg = Debug|Any CPU
		{B751554B-9C6F-4FF0-8BB3-C22BED0337F4}.Debug|Any CPU.Build.0 = Debug|Any CPU
		{B751554B-9C6F-4FF0-8BB3-C22BED0337F4}.Release|Any CPU.ActiveCfg = Release|Any CPU
		{B751554B-9C6F-4FF0-8BB3-C22BED0337F4}.Release|Any CPU.Build.0 = Release|Any CPU
	EndGlobalSection
	GlobalSection(SolutionProperties) = preSolution
		HideSolutionNode = FALSE
	EndGlobalSection
	GlobalSection(ExtensibilityGlobals) = postSolution
		SolutionGuid = {E26BB42F-BE4E-45D3-94C3-584BADDB2ABF}
	EndGlobalSection
EndGlobal
